
Microsoft Visual Studio Solution File, Format Version 12.00
# Visual Studio 14
VisualStudioVersion = 14.0.24720.0
MinimumVisualStudioVersion = 10.0.40219.1
Project("{9092AA53-FB77-4645-B42D-1CCCA6BD08BD}") = "Tournament", "Tournament\Tournament.njsproj", "{3796EA3B-1F26-4BA1-B2C3-8304FD550783}"
EndProject
Global
	GlobalSection(SolutionConfigurationPlatforms) = preSolution
		Debug|Any CPU = Debug|Any CPU
		Release|Any CPU = Release|Any CPU
	EndGlobalSection
	GlobalSection(ProjectConfigurationPlatforms) = postSolution
		{3796EA3B-1F26-4BA1-B2C3-8304FD550783}.Debug|Any CPU.ActiveCfg = Debug|Any CPU
		{3796EA3B-1F26-4BA1-B2C3-8304FD550783}.Debug|Any CPU.Build.0 = Debug|Any CPU
		{3796EA3B-1F26-4BA1-B2C3-8304FD550783}.Release|Any CPU.ActiveCfg = Release|Any CPU
		{3796EA3B-1F26-4BA1-B2C3-8304FD550783}.Release|Any CPU.Build.0 = Release|Any CPU
	EndGlobalSection
	GlobalSection(SolutionProperties) = preSolution
		HideSolutionNode = FALSE
	EndGlobalSection
EndGlobal
